# THIS IS AN AUTOGENERATED FILE. DO NOT EDIT THIS FILE DIRECTLY.
# yarn lockfile v1


"@types/estree@0.0.39":
  version "0.0.39"
  resolved "https://registry.yarnpkg.com/@types/estree/-/estree-0.0.39.tgz#e177e699ee1b8c22d23174caaa7422644389509f"
  integrity sha512-EYNwp3bU+98cpU4lAWYYL7Zz+2gryWH1qbdDTidVd6hkiR6weksdbMadyXKXNPEkQFhXM+hVO9ZygomHXp+AIw==

"@types/node@^11.9.5":
  version "11.10.5"
  resolved "https://registry.yarnpkg.com/@types/node/-/node-11.10.5.tgz#fbaca34086bdc118011e1f05c47688d432f2d571"
  integrity sha512-DuIRlQbX4K+d5I+GMnv+UfnGh+ist0RdlvOp+JZ7ePJ6KQONCFQv/gKYSU1ZzbVdFSUCKZOltjmpFAGGv5MdYA==

acorn@^6.1.1:
  version "6.1.1"
  resolved "https://registry.yarnpkg.com/acorn/-/acorn-6.1.1.tgz#7d25ae05bb8ad1f9b699108e1094ecd7884adc1f"
  integrity sha512-jPTiwtOxaHNaAPg/dmrJ/beuzLRnXtB0kQPQ8JpotKJgTB6rX6c8mlf315941pyjBSaPg8NHXS9fhP4u17DpGA==

rollup@^1.5.0:
  version "1.5.0"
  resolved "https://registry.yarnpkg.com/rollup/-/rollup-1.5.0.tgz#559350d52db3ea7fc750bfbf434276b7198d60af"
  integrity sha512-xs32mjZhXmUPL+1u300YKFoN/Oqa0VoOkVu/5/bf2n60NpHgoO2L1mevuZg4ltkjrcO2dUfaTvCZzD3BPuAyQQ==
  dependencies:
    "@types/estree" "0.0.39"
    "@types/node" "^11.9.5"
    acorn "^6.1.1"
